
Microsoft Visual Studio Solution File, Format Version 12.00
# Visual Studio Version 17
VisualStudioVersion = 17.2.32630.192
MinimumVisualStudioVersion = 10.0.40219.1
Project("{9A19103F-16F7-4668-BE54-9A1E7A4F7556}") = "ShopOnline.Web", "ShopOnline.Web\ShopOnline.Web.csproj", "{0F455FE1-58C1-4468-95E8-FA44B6956206}"
EndProject
Project("{9A19103F-16F7-4668-BE54-9A1E7A4F7556}") = "ShopOnline.API", "ShopOnline.API\ShopOnline.API.csproj", "{0AF1F225-A057-453A-A90F-0F73412DEAB8}"
EndProject
Project("{9A19103F-16F7-4668-BE54-9A1E7A4F7556}") = "ShopOnline.Models", "ShopOnline.Models\ShopOnline.Models.csproj", "{C53630F7-E133-4CE9-B95F-B6102913CD6B}"
EndProject
Global
	GlobalSection(SolutionConfigurationPlatforms) = preSolution
		Debug|Any CPU = Debug|Any CPU
		Release|Any CPU = Release|Any CPU
	EndGlobalSection
	GlobalSection(ProjectConfigurationPlatforms) = postSolution
		{0F455FE1-58C1-4468-95E8-FA44B6956206}.Debug|Any CPU.ActiveCfg = Debug|Any CPU
		{0F455FE1-58C1-4468-95E8-FA44B6956206}.Debug|Any CPU.Build.0 = Debug|Any CPU
		{0F455FE1-58C1-4468-95E8-FA44B6956206}.Release|Any CPU.ActiveCfg = Release|Any CPU
		{0F455FE1-58C1-4468-95E8-FA44B6956206}.Release|Any CPU.Build.0 = Release|Any CPU
		{0AF1F225-A057-453A-A90F-0F73412DEAB8}.Debug|Any CPU.ActiveCfg = Debug|Any CPU
		{0AF1F225-A057-453A-A90F-0F73412DEAB8}.Debug|Any CPU.Build.0 = Debug|Any CPU
		{0AF1F225-A057-453A-A90F-0F73412DEAB8}.Release|Any CPU.ActiveCfg = Release|Any CPU
		{0AF1F225-A057-453A-A90F-0F73412DEAB8}.Release|Any CPU.Build.0 = Release|Any CPU
		{C53630F7-E133-4CE9-B95F-B6102913CD6B}.Debug|Any CPU.ActiveCfg = Debug|Any CPU
		{C53630F7-E133-4CE9-B95F-B6102913CD6B}.Debug|Any CPU.Build.0 = Debug|Any CPU
		{C53630F7-E133-4CE9-B95F-B6102913CD6B}.Release|Any CPU.ActiveCfg = Release|Any CPU
		{C53630F7-E133-4CE9-B95F-B6102913CD6B}.Release|Any CPU.Build.0 = Release|Any CPU
	EndGlobalSection
	GlobalSection(SolutionProperties) = preSolution
		HideSolutionNode = FALSE
	EndGlobalSection
	GlobalSection(ExtensibilityGlobals) = postSolution
		SolutionGuid = {140B7E94-EE6E-4BFC-B634-662878D5D998}
	EndGlobalSection
EndGlobal
